{
    "_meta": {
        "hash": {
            "sha256": "894ba2e7a9b41d005e9176564ef066615b636cc4ff0a96d46535d5eee3fbeff7"
        },
        "pipfile-spec": 6,
        "requires": {
            "python_version": "3.6"
        },
        "sources": [
            {
                "name": "pypi",
                "url": "https://pypi.org/simple",
                "verify_ssl": true
            }
        ]
    },
    "default": {
        "backcall": {
            "hashes": [
                "sha256:38ecd85be2c1e78f77fd91700c76e14667dc21e2713b63876c0eb901196e01e4",
                "sha256:bbbf4b1e5cd2bdb08f915895b51081c041bac22394fdfcfdfbe9f14b77c08bf2"
            ],
            "version": "==0.1.0"
        },
        "click": {
            "hashes": [
                "sha256:2335065e6395b9e67ca716de5f7526736bfa6ceead690adf616d925bdc622b13",
                "sha256:5b94b49521f6456670fdb30cd82a4eca9412788a93fa6dd6df72c94d5a8ff2d7"
            ],
            "index": "pypi",
            "version": "==7.0"
        },
        "decorator": {
            "hashes": [
                "sha256:86156361c50488b84a3f148056ea716ca587df2f0de1d34750d35c21312725de",
                "sha256:f069f3a01830ca754ba5258fde2278454a0b5b79e0d7f5c13b3b97e57d4acff6"
            ],
            "version": "==4.4.0"
        },
        "defusedxml": {
            "hashes": [
                "sha256:6687150770438374ab581bb7a1b327a847dd9c5749e396102de3fad4e8a3ef93",
                "sha256:f684034d135af4c6cbb949b8a4d2ed61634515257a67299e5f940fbaa34377f5"
            ],
            "version": "==0.6.0"
        },
        "distro": {
            "hashes": [
                "sha256:362dde65d846d23baee4b5c058c8586f219b5a54be1cf5fc6ff55c4578392f57",
                "sha256:eedf82a470ebe7d010f1872c17237c79ab04097948800029994fa458e52fb4b4"
            ],
            "version": "==1.4.0"
        },
        "ipykernel": {
            "hashes": [
                "sha256:0aeb7ec277ac42cc2b59ae3d08b10909b2ec161dc6908096210527162b53675d",
                "sha256:0fc0bf97920d454102168ec2008620066878848fcfca06c22b669696212e292f"
            ],
            "index": "pypi",
            "version": "==5.1.0"
        },
        "ipython": {
            "hashes": [
                "sha256:c4ab005921641e40a68e405e286e7a1fcc464497e14d81b6914b4fd95e5dee9b",
                "sha256:dd76831f065f17bddd7eaa5c781f5ea32de5ef217592cf019e34043b56895aa1"
            ],
            "version": "==7.8.0"
        },
        "ipython-genutils": {
            "hashes": [
                "sha256:72dd37233799e619666c9f639a9da83c34013a73e8bbc79a7a6348d93c61fab8",
                "sha256:eb2e116e75ecef9d4d228fdc66af54269afa26ab4463042e33785b887c628ba8"
            ],
            "version": "==0.2.0"
        },
        "jedi": {
            "hashes": [
                "sha256:786b6c3d80e2f06fd77162a07fed81b8baa22dde5d62896a790a331d6ac21a27",
                "sha256:ba859c74fa3c966a22f2aeebe1b74ee27e2a462f56d3f5f7ca4a59af61bfe42e"
            ],
            "version": "==0.15.1"
        },
        "jupyter-client": {
            "hashes": [
                "sha256:60e6faec1031d63df57f1cc671ed673dced0ed420f4377ea33db37b1c188b910",
                "sha256:d0c077c9aaa4432ad485e7733e4d91e48f87b4f4bab7d283d42bb24cbbba0a0f"
            ],
            "version": "==5.3.4"
        },
        "jupyter-core": {
            "hashes": [
                "sha256:1368a838bba378c3c99f54c2961489831ea929ec7689a1d59d9844e584bc27dc",
                "sha256:85103cee6548992780912c1a0a9ec2583a4a18f1ef79a248ec0db4446500bce3"
            ],
            "version": "==4.6.0"
        },
        "lxml": {
            "hashes": [
                "sha256:02ca7bf899da57084041bb0f6095333e4d239948ad3169443f454add9f4e9cb4",
                "sha256:096b82c5e0ea27ce9138bcbb205313343ee66a6e132f25c5ed67e2c8d960a1bc",
                "sha256:0a920ff98cf1aac310470c644bc23b326402d3ef667ddafecb024e1713d485f1",
                "sha256:17cae1730a782858a6e2758fd20dd0ef7567916c47757b694a06ffafdec20046",
                "sha256:17e3950add54c882e032527795c625929613adbd2ce5162b94667334458b5a36",
                "sha256:1f4f214337f6ee5825bf90a65d04d70aab05526c08191ab888cb5149501923c5",
                "sha256:2e8f77db25b0a96af679e64ff9bf9dddb27d379c9900c3272f3041c4d1327c9d",
                "sha256:4dffd405390a45ecb95ab5ab1c1b847553c18b0ef8ed01e10c1c8b1a76452916",
                "sha256:6b899931a5648862c7b88c795eddff7588fb585e81cecce20f8d9da16eff96e0",
                "sha256:726c17f3e0d7a7200718c9a890ccfeab391c9133e363a577a44717c85c71db27",
                "sha256:760c12276fee05c36f95f8040180abc7fbebb9e5011447a97cdc289b5d6ab6fc",
                "sha256:796685d3969815a633827c818863ee199440696b0961e200b011d79b9394bbe7",
                "sha256:891fe897b49abb7db470c55664b198b1095e4943b9f82b7dcab317a19116cd38",
                "sha256:a471628e20f03dcdfde00770eeaf9c77811f0c331c8805219ca7b87ac17576c5",
                "sha256:a63b4fd3e2cabdcc9d918ed280bdde3e8e9641e04f3c59a2a3109644a07b9832",
                "sha256:b0b84408d4eabc6de9dd1e1e0bc63e7731e890c0b378a62443e5741cfd0ae90a",
                "sha256:be78485e5d5f3684e875dab60f40cddace2f5b2a8f7fede412358ab3214c3a6f",
                "sha256:c27eaed872185f047bb7f7da2d21a7d8913457678c9a100a50db6da890bc28b9",
                "sha256:c81cb40bff373ab7a7446d6bbca0190bccc5be3448b47b51d729e37799bb5692",
                "sha256:d11874b3c33ee441059464711cd365b89fa1a9cf19ae75b0c189b01fbf735b84",
                "sha256:e9c028b5897901361d81a4718d1db217b716424a0283afe9d6735fe0caf70f79",
                "sha256:fe489d486cd00b739be826e8c1be188ddb74c7a1ca784d93d06fda882a6a1681"
            ],
            "version": "==4.4.1"
        },
        "numpy": {
            "hashes": [
                "sha256:0b0dd8f47fb177d00fa6ef2d58783c4f41ad3126b139c91dd2f7c4b3fdf5e9a5",
                "sha256:25ffe71f96878e1da7e014467e19e7db90ae7d4e12affbc73101bcf61785214e",
                "sha256:26efd7f7d755e6ca966a5c0ac5a930a87dbbaab1c51716ac26a38f42ecc9bc4b",
                "sha256:28b1180c758abf34a5c3fea76fcee66a87def1656724c42bb14a6f9717a5bdf7",
                "sha256:2e418f0a59473dac424f888dd57e85f77502a593b207809211c76e5396ae4f5c",
                "sha256:30c84e3a62cfcb9e3066f25226e131451312a044f1fe2040e69ce792cb7de418",
                "sha256:4650d94bb9c947151737ee022b934b7d9a845a7c76e476f3e460f09a0c8c6f39",
                "sha256:4dd830a11e8724c9c9379feed1d1be43113f8bcce55f47ea7186d3946769ce26",
                "sha256:4f2a2b279efde194877aff1f76cf61c68e840db242a5c7169f1ff0fd59a2b1e2",
                "sha256:62d22566b3e3428dfc9ec972014c38ed9a4db4f8969c78f5414012ccd80a149e",
                "sha256:669795516d62f38845c7033679c648903200980d68935baaa17ac5c7ae03ae0c",
                "sha256:75fcd60d682db3e1f8fbe2b8b0c6761937ad56d01c1dc73edf4ef2748d5b6bc4",
                "sha256:9395b0a41e8b7e9a284e3be7060db9d14ad80273841c952c83a5afc241d2bd98",
                "sha256:9e37c35fc4e9410093b04a77d11a34c64bf658565e30df7cbe882056088a91c1",
                "sha256:a0678793096205a4d784bd99f32803ba8100f639cf3b932dc63b21621390ea7e",
                "sha256:b46554ad4dafb2927f88de5a1d207398c5385edbb5c84d30b3ef187c4a3894d8",
                "sha256:c867eeccd934920a800f65c6068acdd6b87e80d45cd8c8beefff783b23cdc462",
                "sha256:dd0667f5be56fb1b570154c2c0516a528e02d50da121bbbb2cbb0b6f87f59bc2",
                "sha256:de2b1c20494bdf47f0160bd88ed05f5e48ae5dc336b8de7cfade71abcc95c0b9",
                "sha256:f1df7b2b7740dd777571c732f98adb5aad5450aee32772f1b39249c8a50386f6",
                "sha256:ffca69e29079f7880c5392bf675eb8b4146479d976ae1924d01cd92b04cccbcc"
            ],
            "version": "==1.17.3"
        },
        "pandas": {
            "hashes": [
                "sha256:0f484f43658a72e7d586a74978259657839b5bd31b903e963bb1b1491ab51775",
                "sha256:0ffc6f9e20e77f3a7dc8baaad9c7fd25b858b084d3a2d8ce877bc3ea804e0636",
                "sha256:23e0eac646419c3057f15eb96ab821964848607bf1d4ea5a82f26565986ec5e9",
                "sha256:27c0603b15b5c6fa24885253bbe49a0c289381e7759385c59308ba4f0b166cf1",
                "sha256:397fe360643fffc5b26b41efdf608647e3334a618d185a07976cd2dc51c90bce",
                "sha256:3dbb3aa41c01504255bff2bd56944bdb915f6c9ce4bac7e2868efbace0b2a639",
                "sha256:4e07c63247c59d61c6ebdbbb50196143cec6c5044403510c4e1a9d31854a83d6",
                "sha256:4fa6d9235c6d2fecbeca82c3d326abd255866cafbfd37f66a0e826544e619760",
                "sha256:56cb88b3876363d410a9d7724f43641ff164e2c9902d3266a648213e2efd5e6d",
                "sha256:7ce1be1614455f83710b9a5dc1fc602a755bdddbe4dda1d41515062923a37bbf",
                "sha256:ae1c96ffdeec376895e533107e0b0f9da16225a2184fbb24a5abc866769db75e",
                "sha256:b6f27c9231be8a23de846f2302373991467dd8e397a4804d2614e8c5aa8d5a90",
                "sha256:c6056067f894f9355bedcd168dd740aa849908d41c0a74756f6e38f203e941b3",
                "sha256:ca91a19d1f0a280874a24dca44aadce42da7f3a7edb7e9ab7c7baad8febee2be",
                "sha256:cbe4985f5c82a173f8cff6b7fe92d551addf99fb4ea9ff4eb4b1fe606bb098ec",
                "sha256:e3e9893bfe80a8b8e6d56d36ebb7afe1df77db7b4068a6e2ef3636a91f6f1caa",
                "sha256:e7b218e8711910dac3fed0d19376cd1ef0e386be5175965d332fd0c65d02a43b",
                "sha256:ec48d18b8b63a5dbb838e8ea7892ee1034299e03f852bd9b6dffe870310414dd",
                "sha256:f4ab6280277e3208a59bfa9f2e51240304d09e69ffb65abfb4a21d678b495f74"
            ],
            "version": "==0.25.2"
        },
        "parso": {
            "hashes": [
                "sha256:63854233e1fadb5da97f2744b6b24346d2750b85965e7e399bec1620232797dc",
                "sha256:666b0ee4a7a1220f65d367617f2cd3ffddff3e205f3f16a0284df30e774c2a9c"
            ],
            "version": "==0.5.1"
        },
        "pexpect": {
            "hashes": [
                "sha256:2094eefdfcf37a1fdbfb9aa090862c1a4878e5c7e0e7e7088bdb511c558e5cd1",
                "sha256:9e2c1fd0e6ee3a49b28f95d4b33bc389c89b20af6a1255906e90ff1262ce62eb"
            ],
            "markers": "sys_platform != 'win32'",
            "version": "==4.7.0"
        },
        "pickleshare": {
            "hashes": [
                "sha256:87683d47965c1da65cdacaf31c8441d12b8044cdec9aca500cd78fc2c683afca",
                "sha256:9649af414d74d4df115d5d718f82acb59c9d418196b7b4290ed47a12ce62df56"
            ],
            "version": "==0.7.5"
        },
        "pikepdf": {
            "hashes": [
                "sha256:021be7303fe1da8a71efffb6479462688b093c54820ad6c4ca4f9790713d8e86",
                "sha256:15af348556cc43e6e4d7df73e4c0dedce490d13ebd80f621abc355e415d72150",
                "sha256:1eb4351b9d0f0837208a1011cb23ce248b686d6d0fa1a2e33f2395e70777e005",
                "sha256:7cb7d54f0532c0b2d7a3d9d0f09701a9d9e690dc766daba88bcef8a820026b70",
                "sha256:805855e8263f8d7b9b4111789b5728f52a83fbb608350b5ac33286e672babc8d",
                "sha256:857c50537792c1341e75dfcfd6a6cf739df663aa3f6db09661de1aa24db63f77",
                "sha256:a0a87169006920ff532446ba24cd0a289f615fd5e474b860ed274ffa1e742c39",
                "sha256:b78a7b3c7f20b6de9a8cb0fd13d3179fcc6a21a3da68d65ed4c692eee83ce08a",
                "sha256:b878dda8618939b8dda61418f193904c720aaa606167906e33d6e21c5cb531e1",
                "sha256:cc51667d76ac312bae3d66ff494f0e6cba3b83b42d72aaf5461b2d0d53498fcb",
                "sha256:dc6ebc03b964e017105b73c0b8815b47f248a8d90b42abda66d0351c808296ef",
                "sha256:dd66acad7540d5251e56744962267ba02b295f8b9ee48435164a18948224e45b",
                "sha256:f8debc59f7eb36a69e4d56572d5f4def053495ce5fb79335e9d7858d2b6819d5"
            ],
            "index": "pypi",
            "version": "==1.0.5"
        },
        "prompt-toolkit": {
            "hashes": [
                "sha256:46642344ce457641f28fc9d1c9ca939b63dadf8df128b86f1b9860e59c73a5e4",
                "sha256:e7f8af9e3d70f514373bf41aa51bc33af12a6db3f71461ea47fea985defb2c31",
                "sha256:f15af68f66e664eaa559d4ac8a928111eebd5feda0c11738b5998045224829db"
            ],
            "version": "==2.0.10"
        },
        "ptyprocess": {
            "hashes": [
                "sha256:923f299cc5ad920c68f2bc0bc98b75b9f838b93b599941a6b63ddbc2476394c0",
                "sha256:d7cc528d76e76342423ca640335bd3633420dc1366f258cb31d05e865ef5ca1f"
            ],
            "version": "==0.6.0"
        },
        "pygments": {
            "hashes": [
                "sha256:71e430bc85c88a430f000ac1d9b331d2407f681d6f6aec95e8bcfbc3df5b0127",
                "sha256:881c4c157e45f30af185c1ffe8d549d48ac9127433f2c380c24b84572ad66297"
            ],
            "version": "==2.4.2"
        },
        "python-dateutil": {
            "hashes": [
                "sha256:7e6584c74aeed623791615e26efd690f29817a27c73085b78e4bad02493df2fb",
                "sha256:c89805f6f4d64db21ed966fda138f8a5ed7a4fdbc1a8ee329ce1b74e3c74da9e"
            ],
            "version": "==2.8.0"
        },
        "pytz": {
            "hashes": [
                "sha256:1c557d7d0e871de1f5ccd5833f60fb2550652da6be2693c1e02300743d21500d",
                "sha256:b02c06db6cf09c12dd25137e563b31700d3b80fcc4ad23abb7a315f2789819be"
            ],
            "version": "==2019.3"
        },
        "pyzmq": {
            "hashes": [
                "sha256:01636e95a88d60118479041c6aaaaf5419c6485b7b1d37c9c4dd424b7b9f1121",
                "sha256:021dba0d1436516092c624359e5da51472b11ba8edffa334218912f7e8b65467",
                "sha256:0463bd941b6aead494d4035f7eebd70035293dd6caf8425993e85ad41de13fa3",
                "sha256:05fd51edd81eed798fccafdd49c936b6c166ffae7b32482e4d6d6a2e196af4e6",
                "sha256:1fadc8fbdf3d22753c36d4172169d184ee6654f8d6539e7af25029643363c490",
                "sha256:22efa0596cf245a78a99060fe5682c4cd00c58bb7614271129215c889062db80",
                "sha256:260c70b7c018905ec3659d0f04db735ac830fe27236e43b9dc0532cf7c9873ef",
                "sha256:2762c45e289732d4450406cedca35a9d4d71e449131ba2f491e0bf473e3d2ff2",
                "sha256:2fc6cada8dc53521c1189596f1898d45c5f68603194d3a6453d6db4b27f4e12e",
                "sha256:343b9710a61f2b167673bea1974e70b5dccfe64b5ed10626798f08c1f7227e72",
                "sha256:41bf96d5f554598a0632c3ec28e3026f1d6591a50f580df38eff0b8067efb9e7",
                "sha256:856b2cdf7a1e2cbb84928e1e8db0ea4018709b39804103d3a409e5584f553f57",
                "sha256:85b869abc894672de9aecdf032158ea8ad01e2f0c3b09ef60e3687fb79418096",
                "sha256:93f44739db69234c013a16990e43db1aa0af3cf5a4b8b377d028ff24515fbeb3",
                "sha256:98fa3e75ccb22c0dc99654e3dd9ff693b956861459e8c8e8734dd6247b89eb29",
                "sha256:9a22c94d2e93af8bebd4fcf5fa38830f5e3b1ff0d4424e2912b07651eb1bafb4",
                "sha256:a7d3f4b4bbb5d7866ae727763268b5c15797cbd7b63ea17f3b0ec1067da8994b",
                "sha256:b645a49376547b3816433a7e2d2a99135c8e651e50497e7ecac3bd126e4bea16",
                "sha256:cf0765822e78cf9e45451647a346d443f66792aba906bc340f4e0ac7870c169c",
                "sha256:dc398e1e047efb18bfab7a8989346c6921a847feae2cad69fedf6ca12fb99e2c",
                "sha256:dd5995ae2e80044e33b5077fb4bc2b0c1788ac6feaf15a6b87a00c14b4bdd682",
                "sha256:e03fe5e07e70f245dc9013a9d48ae8cc4b10c33a1968039c5a3b64b5d01d083d",
                "sha256:ea09a306144dff2795e48439883349819bef2c53c0ee62a3c2fae429451843bb",
                "sha256:f4e37f33da282c3c319849877e34f97f0a3acec09622ec61b7333205bdd13b52",
                "sha256:fa4bad0d1d173dee3e8ef3c3eb6b2bb6c723fc7a661eeecc1ecb2fa99860dd45"
            ],
            "version": "==18.1.0"
        },
        "six": {
            "hashes": [
                "sha256:3350809f0555b11f552448330d0b52d5f24c91a322ea4a15ef22629740f3761c",
                "sha256:d16a0141ec1a18405cd4ce8b4613101da75da0e9a7aec5bdd4fa804d0e0eba73"
            ],
            "version": "==1.12.0"
        },
        "tabula-py": {
            "hashes": [
                "sha256:0ef18a07336a32bef8f02e5c460339e2a919d9ddbdff361f4d6064823535a170",
                "sha256:dff0df0d59b0c8aeb1bb4fe4027ddaa92c8935f2e35d31a41cf1f57066544c67",
                "sha256:f6dd876b8086c25342d01a5418c966b96f29d1037306093bcc6aa013f6131a99"
            ],
            "index": "pypi",
            "version": "==1.3.1"
        },
        "tornado": {
            "hashes": [
                "sha256:349884248c36801afa19e342a77cc4458caca694b0eda633f5878e458a44cb2c",
                "sha256:398e0d35e086ba38a0427c3b37f4337327231942e731edaa6e9fd1865bbd6f60",
                "sha256:4e73ef678b1a859f0cb29e1d895526a20ea64b5ffd510a2307b5998c7df24281",
                "sha256:559bce3d31484b665259f50cd94c5c28b961b09315ccd838f284687245f416e5",
                "sha256:abbe53a39734ef4aba061fca54e30c6b4639d3e1f59653f0da37a0003de148c7",
                "sha256:c845db36ba616912074c5b1ee897f8e0124df269468f25e4fe21fe72f6edd7a9",
                "sha256:c9399267c926a4e7c418baa5cbe91c7d1cf362d505a1ef898fde44a07c9dd8a5"
            ],
            "version": "==6.0.3"
        },
        "traitlets": {
            "hashes": [
                "sha256:70b4c6a1d9019d7b4f6846832288f86998aa3b9207c6821f3578a6a6a467fe44",
                "sha256:d023ee369ddd2763310e4c3eae1ff649689440d4ae59d7485eb4cfbbe3e359f7"
            ],
            "version": "==4.3.3"
        },
        "urllib3": {
            "hashes": [
                "sha256:4c291ca23bbb55c76518905869ef34bdd5f0e46af7afe6861e8375643ffee1a0",
                "sha256:9a247273df709c4fedb38c711e44292304f73f39ab01beda9f6b9fc375669ac3"
            ],
            "index": "pypi",
            "version": "==1.24.2"
        },
        "wcwidth": {
            "hashes": [
                "sha256:3df37372226d6e63e1b1e1eda15c594bca98a22d33a23832a90998faa96bc65e",
                "sha256:f4ebe71925af7b40a864553f761ed559b43544f8f71746c2d756c7fe788ade7c"
            ],
            "version": "==0.1.7"
        }
    },
    "develop": {
        "atomicwrites": {
            "hashes": [
                "sha256:03472c30eb2c5d1ba9227e4c2ca66ab8287fbfbbda3888aa93dc2e28fc6811b4",
                "sha256:75a9445bac02d8d058d5e1fe689654ba5a6556a1dfd8ce6ec55a0ed79866cfa6"
            ],
            "version": "==1.3.0"
        },
        "attrs": {
            "hashes": [
                "sha256:08a96c641c3a74e44eb59afb61a24f2cb9f4d7188748e76ba4bb5edfa3cb7d1c",
                "sha256:f7b7ce16570fe9965acd6d30101a28f62fb4a7f9e926b3bbc9b61f8b04247e72"
            ],
            "version": "==19.3.0"
        },
        "bleach": {
            "hashes": [
                "sha256:213336e49e102af26d9cde77dd2d0397afabc5a6bf2fed985dc35b5d1e285a16",
                "sha256:3fdf7f77adcf649c9911387df51254b813185e32b2c6619f690b593a617e19fa"
            ],
            "version": "==3.1.0"
        },
        "certifi": {
            "hashes": [
                "sha256:e4f3620cfea4f83eedc95b24abd9cd56f3c4b146dd0177e83a21b4eb49e21e50",
                "sha256:fd7c7c74727ddcf00e9acd26bba8da604ffec95bf1c2144e67aff7a8b50e6cef"
            ],
            "version": "==2019.9.11"
        },
        "cffi": {
            "hashes": [
                "sha256:00d890313797d9fe4420506613384b43099ad7d2b905c0752dbcc3a6f14d80fa",
                "sha256:0cf9e550ac6c5e57b713437e2f4ac2d7fd0cd10336525a27224f5fc1ec2ee59a",
                "sha256:0ea23c9c0cdd6778146a50d867d6405693ac3b80a68829966c98dd5e1bbae400",
                "sha256:193697c2918ecdb3865acf6557cddf5076bb39f1f654975e087b67efdff83365",
                "sha256:1ae14b542bf3b35e5229439c35653d2ef7d8316c1fffb980f9b7647e544baa98",
                "sha256:1e389e069450609c6ffa37f21f40cce36f9be7643bbe5051ab1de99d5a779526",
                "sha256:263242b6ace7f9cd4ea401428d2d45066b49a700852334fd55311bde36dcda14",
                "sha256:33142ae9807665fa6511cfa9857132b2c3ee6ddffb012b3f0933fc11e1e830d5",
                "sha256:364f8404034ae1b232335d8c7f7b57deac566f148f7222cef78cf8ae28ef764e",
                "sha256:47368f69fe6529f8f49a5d146ddee713fc9057e31d61e8b6dc86a6a5e38cecc1",
                "sha256:4895640844f17bec32943995dc8c96989226974dfeb9dd121cc45d36e0d0c434",
                "sha256:558b3afef987cf4b17abd849e7bedf64ee12b28175d564d05b628a0f9355599b",
                "sha256:5ba86e1d80d458b338bda676fd9f9d68cb4e7a03819632969cf6d46b01a26730",
                "sha256:63424daa6955e6b4c70dc2755897f5be1d719eabe71b2625948b222775ed5c43",
                "sha256:6381a7d8b1ebd0bc27c3bc85bc1bfadbb6e6f756b4d4db0aa1425c3719ba26b4",
                "sha256:6381ab708158c4e1639da1f2a7679a9bbe3e5a776fc6d1fd808076f0e3145331",
                "sha256:6fd58366747debfa5e6163ada468a90788411f10c92597d3b0a912d07e580c36",
                "sha256:728ec653964655d65408949b07f9b2219df78badd601d6c49e28d604efe40599",
                "sha256:7cfcfda59ef1f95b9f729c56fe8a4041899f96b72685d36ef16a3440a0f85da8",
                "sha256:819f8d5197c2684524637f940445c06e003c4a541f9983fd30d6deaa2a5487d8",
                "sha256:825ecffd9574557590e3225560a8a9d751f6ffe4a49e3c40918c9969b93395fa",
                "sha256:9009e917d8f5ef780c2626e29b6bc126f4cb2a4d43ca67aa2b40f2a5d6385e78",
                "sha256:9c77564a51d4d914ed5af096cd9843d90c45b784b511723bd46a8a9d09cf16fc",
                "sha256:a19089fa74ed19c4fe96502a291cfdb89223a9705b1d73b3005df4256976142e",
                "sha256:a40ed527bffa2b7ebe07acc5a3f782da072e262ca994b4f2085100b5a444bbb2",
                "sha256:bb75ba21d5716abc41af16eac1145ab2e471deedde1f22c6f99bd9f995504df0",
                "sha256:e22a00c0c81ffcecaf07c2bfb3672fa372c50e2bd1024ffee0da191c1b27fc71",
                "sha256:e55b5a746fb77f10c83e8af081979351722f6ea48facea79d470b3731c7b2891",
                "sha256:ec2fa3ee81707a5232bf2dfbd6623fdb278e070d596effc7e2d788f2ada71a05",
                "sha256:fd82eb4694be712fcae03c717ca2e0fc720657ac226b80bbb597e971fc6928c2"
            ],
            "version": "==1.13.1"
        },
        "chardet": {
            "hashes": [
                "sha256:84ab92ed1c4d4f16916e05906b6b75a6c0fb5db821cc65e70cbd64a3e2a5eaae",
                "sha256:fc323ffcaeaed0e0a02bf4d117757b98aed530d9ed4531e3e15460124c106691"
            ],
            "version": "==3.0.4"
        },
        "check-manifest": {
            "hashes": [
                "sha256:44e3cf4b0833a55460046bf7a3600eaadbcae5e9d13baf0c9d9789dd5c2c6452",
                "sha256:728edbaccadaa86db0b8f876afac1fb90bce9452234753dfe4ef8fe786dcc2f1"
            ],
            "index": "pypi",
            "version": "==0.37"
        },
        "coverage": {
            "hashes": [
                "sha256:09e47c529ff77bf042ecfe858fb55c3e3eb97aac2c87f0349ab5a7efd6b3939f",
                "sha256:0a1f9b0eb3aa15c990c328535655847b3420231af299386cfe5efc98f9c250fe",
                "sha256:0cc941b37b8c2ececfed341444a456912e740ecf515d560de58b9a76562d966d",
                "sha256:10e8af18d1315de936d67775d3a814cc81d0747a1a0312d84e27ae5610e313b0",
                "sha256:1b4276550b86caa60606bd3572b52769860a81a70754a54acc8ba789ce74d607",
                "sha256:1e8a2627c48266c7b813975335cfdea58c706fe36f607c97d9392e61502dc79d",
                "sha256:2b224052bfd801beb7478b03e8a66f3f25ea56ea488922e98903914ac9ac930b",
                "sha256:447c450a093766744ab53bf1e7063ec82866f27bcb4f4c907da25ad293bba7e3",
                "sha256:46101fc20c6f6568561cdd15a54018bb42980954b79aa46da8ae6f008066a30e",
                "sha256:4710dc676bb4b779c4361b54eb308bc84d64a2fa3d78e5f7228921eccce5d815",
                "sha256:510986f9a280cd05189b42eee2b69fecdf5bf9651d4cd315ea21d24a964a3c36",
                "sha256:5535dda5739257effef56e49a1c51c71f1d37a6e5607bb25a5eee507c59580d1",
                "sha256:5a7524042014642b39b1fcae85fb37556c200e64ec90824ae9ecf7b667ccfc14",
                "sha256:5f55028169ef85e1fa8e4b8b1b91c0b3b0fa3297c4fb22990d46ff01d22c2d6c",
                "sha256:6694d5573e7790a0e8d3d177d7a416ca5f5c150742ee703f3c18df76260de794",
                "sha256:6831e1ac20ac52634da606b658b0b2712d26984999c9d93f0c6e59fe62ca741b",
                "sha256:77f0d9fa5e10d03aa4528436e33423bfa3718b86c646615f04616294c935f840",
                "sha256:828ad813c7cdc2e71dcf141912c685bfe4b548c0e6d9540db6418b807c345ddd",
                "sha256:85a06c61598b14b015d4df233d249cd5abfa61084ef5b9f64a48e997fd829a82",
                "sha256:8cb4febad0f0b26c6f62e1628f2053954ad2c555d67660f28dfb1b0496711952",
                "sha256:a5c58664b23b248b16b96253880b2868fb34358911400a7ba39d7f6399935389",
                "sha256:aaa0f296e503cda4bc07566f592cd7a28779d433f3a23c48082af425d6d5a78f",
                "sha256:ab235d9fe64833f12d1334d29b558aacedfbca2356dfb9691f2d0d38a8a7bfb4",
                "sha256:b3b0c8f660fae65eac74fbf003f3103769b90012ae7a460863010539bb7a80da",
                "sha256:bab8e6d510d2ea0f1d14f12642e3f35cefa47a9b2e4c7cea1852b52bc9c49647",
                "sha256:c45297bbdbc8bb79b02cf41417d63352b70bcb76f1bbb1ee7d47b3e89e42f95d",
                "sha256:d19bca47c8a01b92640c614a9147b081a1974f69168ecd494687c827109e8f42",
                "sha256:d64b4340a0c488a9e79b66ec9f9d77d02b99b772c8b8afd46c1294c1d39ca478",
                "sha256:da969da069a82bbb5300b59161d8d7c8d423bc4ccd3b410a9b4d8932aeefc14b",
                "sha256:ed02c7539705696ecb7dc9d476d861f3904a8d2b7e894bd418994920935d36bb",
                "sha256:ee5b8abc35b549012e03a7b1e86c09491457dba6c94112a2482b18589cc2bdb9"
            ],
            "index": "pypi",
            "version": "==4.5.2"
        },
        "coveralls": {
            "hashes": [
                "sha256:ab638e88d38916a6cedbf80a9cd8992d5fa55c77ab755e262e00b36792b7cd6d",
                "sha256:b2388747e2529fa4c669fb1e3e2756e4e07b6ee56c7d9fce05f35ccccc913aa0"
            ],
            "index": "pypi",
            "version": "==1.5.1"
        },
        "cryptography": {
            "hashes": [
                "sha256:02079a6addc7b5140ba0825f542c0869ff4df9a69c360e339ecead5baefa843c",
                "sha256:1df22371fbf2004c6f64e927668734070a8953362cd8370ddd336774d6743595",
                "sha256:369d2346db5934345787451504853ad9d342d7f721ae82d098083e1f49a582ad",
                "sha256:3cda1f0ed8747339bbdf71b9f38ca74c7b592f24f65cdb3ab3765e4b02871651",
                "sha256:44ff04138935882fef7c686878e1c8fd80a723161ad6a98da31e14b7553170c2",
                "sha256:4b1030728872c59687badcca1e225a9103440e467c17d6d1730ab3d2d64bfeff",
                "sha256:58363dbd966afb4f89b3b11dfb8ff200058fbc3b947507675c19ceb46104b48d",
                "sha256:6ec280fb24d27e3d97aa731e16207d58bd8ae94ef6eab97249a2afe4ba643d42",
                "sha256:7270a6c29199adc1297776937a05b59720e8a782531f1f122f2eb8467f9aab4d",
                "sha256:73fd30c57fa2d0a1d7a49c561c40c2f79c7d6c374cc7750e9ac7c99176f6428e",
                "sha256:7f09806ed4fbea8f51585231ba742b58cbcfbfe823ea197d8c89a5e433c7e912",
                "sha256:90df0cc93e1f8d2fba8365fb59a858f51a11a394d64dbf3ef844f783844cc793",
                "sha256:971221ed40f058f5662a604bd1ae6e4521d84e6cad0b7b170564cc34169c8f13",
                "sha256:a518c153a2b5ed6b8cc03f7ae79d5ffad7315ad4569b2d5333a13c38d64bd8d7",
                "sha256:b0de590a8b0979649ebeef8bb9f54394d3a41f66c5584fff4220901739b6b2f0",
                "sha256:b43f53f29816ba1db8525f006fa6f49292e9b029554b3eb56a189a70f2a40879",
                "sha256:d31402aad60ed889c7e57934a03477b572a03af7794fa8fb1780f21ea8f6551f",
                "sha256:de96157ec73458a7f14e3d26f17f8128c959084931e8997b9e655a39c8fde9f9",
                "sha256:df6b4dca2e11865e6cfbfb708e800efb18370f5a46fd601d3755bc7f85b3a8a2",
                "sha256:ecadccc7ba52193963c0475ac9f6fa28ac01e01349a2ca48509667ef41ffd2cf",
                "sha256:fb81c17e0ebe3358486cd8cc3ad78adbae58af12fc2bf2bc0bb84e8090fa5ce8"
            ],
            "version": "==2.8"
        },
        "docopt": {
            "hashes": [
                "sha256:49b3a825280bd66b3aa83585ef59c4a8c82f2c8a522dbe754a8bc8d08c85c491"
            ],
            "version": "==0.6.2"
        },
        "docutils": {
            "hashes": [
                "sha256:6c4f696463b79f1fb8ba0c594b63840ebd41f059e92b31957c46b74a4599b6d0",
                "sha256:9e4d7ecfc600058e07ba661411a2b7de2fd0fafa17d1a7f7361cd47b1175c827",
                "sha256:a2aeea129088da402665e92e0b25b04b073c04b2dce4ab65caaa38b7ce2e1a99"
            ],
            "version": "==0.15.2"
        },
        "entrypoints": {
            "hashes": [
                "sha256:589f874b313739ad35be6e0cd7efde2a4e9b6fea91edcc34e58ecbb8dbe56d19",
                "sha256:c70dd71abe5a8c85e55e12c19bd91ccfeec11a6e99044204511f9ed547d48451"
            ],
            "version": "==0.3"
        },
        "filelock": {
            "hashes": [
                "sha256:18d82244ee114f543149c66a6e0c14e9c4f8a1044b5cdaadd0f82159d6a6ff59",
                "sha256:929b7d63ec5b7d6b71b0fa5ac14e030b3f70b75747cef1b10da9b879fef15836"
            ],
            "version": "==3.0.12"
        },
        "flake8": {
            "hashes": [
                "sha256:c3ba1e130c813191db95c431a18cb4d20a468e98af7a77e2181b68574481ad36",
                "sha256:fd9ddf503110bf3d8b1d270e8c673aab29ccb3dd6abf29bae1f54e5116ab4a91"
            ],
            "index": "pypi",
            "version": "==3.7.5"
        },
        "idna": {
            "hashes": [
                "sha256:c357b3f628cf53ae2c4c05627ecc484553142ca23264e593d327bcde5e9c3407",
                "sha256:ea8b7f6188e6fa117537c3df7da9fc686d485087abf6ac197f9c46432f7e4a3c"
            ],
            "version": "==2.8"
        },
        "importlib-metadata": {
            "hashes": [
                "sha256:aa18d7378b00b40847790e7c27e11673d7fed219354109d0e7b9e5b25dc3ad26",
                "sha256:d5f18a79777f3aa179c145737780282e27b508fc8fd688cb17c7a813e8bd39af"
            ],
            "markers": "python_version < '3.8'",
            "version": "==0.23"
        },
        "jeepney": {
            "hashes": [
                "sha256:13806f91a96e9b2623fd2a81b950d763ee471454aafd9eb6d75dbe7afce428fb",
                "sha256:f6a3f93464a0cf052f4e87da3c8b3ed1e27696758fb9739c63d3a74d9a1b6774"
            ],
            "version": "==0.4.1"
        },
        "keyring": {
            "hashes": [
                "sha256:8f683fa6c8886da58b28c7d8e3819b1a4bf193741888e33a6e00944b673a22cf",
                "sha256:d71368b9a10dc096c8a1b69a46fc23f0a551f709b9a55b4d4deb7d2fbd809b68"
            ],
            "index": "pypi",
            "version": "==17.1.1"
        },
        "mccabe": {
            "hashes": [
                "sha256:ab8a6258860da4b6677da4bd2fe5dc2c659cff31b3ee4f7f5d64e79735b80d42",
                "sha256:dd8d182285a0fe56bace7f45b5e7d1a6ebcbf524e8f3bd87eb0f125271b8831f"
            ],
            "version": "==0.6.1"
        },
        "more-itertools": {
            "hashes": [
                "sha256:409cd48d4db7052af495b09dec721011634af3753ae1ef92d2b32f73a745f832",
                "sha256:92b8c4b06dac4f0611c0729b2f2ede52b2e1bac1ab48f089c7ddc12e26bb60c4"
            ],
            "version": "==7.2.0"
        },
        "pkginfo": {
            "hashes": [
                "sha256:7424f2c8511c186cd5424bbf31045b77435b37a8d604990b79d4e70d741148bb",
                "sha256:a6d9e40ca61ad3ebd0b72fbadd4fba16e4c0e4df0428c041e01e06eb6ee71f32"
            ],
            "version": "==1.5.0.1"
        },
        "pluggy": {
            "hashes": [
                "sha256:0db4b7601aae1d35b4a033282da476845aa19185c1e6964b25cf324b5e4ec3e6",
                "sha256:fa5fa1622fa6dd5c030e9cad086fa19ef6a0cf6d7a2d12318e10cb49d6d68f34"
            ],
            "version": "==0.13.0"
        },
        "py": {
            "hashes": [
                "sha256:64f65755aee5b381cea27766a3a147c3f15b9b6b9ac88676de66ba2ae36793fa",
                "sha256:dc639b046a6e2cff5bbe40194ad65936d6ba360b52b3c3fe1d08a82dd50b5e53"
            ],
            "version": "==1.8.0"
        },
        "pycodestyle": {
            "hashes": [
                "sha256:95a2219d12372f05704562a14ec30bc76b05a5b297b21a5dfe3f6fac3491ae56",
                "sha256:e40a936c9a450ad81df37f549d676d127b1b66000a6c500caa2b085bc0ca976c"
            ],
            "version": "==2.5.0"
        },
        "pycparser": {
            "hashes": [
                "sha256:a988718abfad80b6b157acce7bf130a30876d27603738ac39f140993246b25b3"
            ],
            "version": "==2.19"
        },
        "pyflakes": {
            "hashes": [
                "sha256:17dbeb2e3f4d772725c777fabc446d5634d1038f234e77343108ce445ea69ce0",
                "sha256:d976835886f8c5b31d47970ed689944a0262b5f3afa00a5a7b4dc81e5449f8a2"
            ],
            "version": "==2.1.1"
        },
        "pygments": {
            "hashes": [
                "sha256:71e430bc85c88a430f000ac1d9b331d2407f681d6f6aec95e8bcfbc3df5b0127",
                "sha256:881c4c157e45f30af185c1ffe8d549d48ac9127433f2c380c24b84572ad66297"
            ],
            "version": "==2.4.2"
        },
        "pytest": {
            "hashes": [
                "sha256:65aeaa77ae87c7fc95de56285282546cfa9c886dc8e5dc78313db1c25e21bc07",
                "sha256:6ac6d467d9f053e95aaacd79f831dbecfe730f419c6c7022cb316b365cd9199d"
            ],
            "index": "pypi",
            "version": "==4.2.0"
        },
        "pytest-cov": {
            "hashes": [
                "sha256:0ab664b25c6aa9716cbf203b17ddb301932383046082c081b9848a0edf5add33",
                "sha256:230ef817450ab0699c6cc3c9c8f7a829c34674456f2ed8df1fe1d39780f7c87f"
            ],
            "index": "pypi",
            "version": "==2.6.1"
        },
        "readme-renderer": {
            "hashes": [
                "sha256:bb16f55b259f27f75f640acf5e00cf897845a8b3e4731b5c1a436e4b8529202f",
                "sha256:c8532b79afc0375a85f10433eca157d6b50f7d6990f337fa498c96cd4bfc203d"
            ],
            "version": "==24.0"
        },
        "requests": {
            "hashes": [
                "sha256:11e007a8a2aa0323f5a921e9e6a2d7e4e67d9877e85773fba9ba6419025cbeb4",
                "sha256:9cf5292fcd0f598c671cfc1e0d7d1a7f13bb8085e9a590f48c010551dc6c4b31"
            ],
            "version": "==2.22.0"
        },
        "requests-toolbelt": {
            "hashes": [
                "sha256:380606e1d10dc85c3bd47bf5a6095f815ec007be7a8b69c878507068df059e6f",
                "sha256:968089d4584ad4ad7c171454f0a5c6dac23971e9472521ea3b6d49d610aa6fc0"
            ],
            "version": "==0.9.1"
        },
        "secretstorage": {
            "hashes": [
                "sha256:20c797ae48a4419f66f8d28fc221623f11fc45b6828f96bdb1ad9990acb59f92",
                "sha256:7a119fb52a88e398dbb22a4b3eb39b779bfbace7e4153b7bc6e5954d86282a8a"
            ],
            "markers": "sys_platform == 'linux' and python_version >= '3.5'",
            "version": "==3.1.1"
        },
        "six": {
            "hashes": [
                "sha256:3350809f0555b11f552448330d0b52d5f24c91a322ea4a15ef22629740f3761c",
                "sha256:d16a0141ec1a18405cd4ce8b4613101da75da0e9a7aec5bdd4fa804d0e0eba73"
            ],
            "version": "==1.12.0"
        },
        "toml": {
            "hashes": [
                "sha256:229f81c57791a41d65e399fc06bf0848bab550a9dfd5ed66df18ce5f05e73d5c",
                "sha256:235682dd292d5899d361a811df37e04a8828a5b1da3115886b73cf81ebc9100e"
            ],
            "version": "==0.10.0"
        },
        "tox": {
            "hashes": [
                "sha256:04f8f1aa05de8e76d7a266ccd14e0d665d429977cd42123bc38efa9b59964e9e",
                "sha256:25ef928babe88c71e3ed3af0c464d1160b01fca2dd1870a5bb26c2dea61a17fc"
            ],
            "index": "pypi",
            "version": "==3.7.0"
        },
        "tqdm": {
            "hashes": [
                "sha256:abc25d0ce2397d070ef07d8c7e706aede7920da163c64997585d42d3537ece3d",
                "sha256:dd3fcca8488bb1d416aa7469d2f277902f26260c45aa86b667b074cd44b3b115"
            ],
            "version": "==4.36.1"
        },
        "twine": {
            "hashes": [
                "sha256:7d89bc6acafb31d124e6e5b295ef26ac77030bf098960c2a4c4e058335827c5c",
                "sha256:fad6f1251195f7ddd1460cb76d6ea106c93adb4e56c41e0da79658e56e547d2c"
            ],
            "index": "pypi",
            "version": "==1.12.1"
        },
        "urllib3": {
            "hashes": [
                "sha256:4c291ca23bbb55c76518905869ef34bdd5f0e46af7afe6861e8375643ffee1a0",
                "sha256:9a247273df709c4fedb38c711e44292304f73f39ab01beda9f6b9fc375669ac3"
            ],
            "index": "pypi",
            "version": "==1.24.2"
        },
        "virtualenv": {
            "hashes": [
                "sha256:3e3597e89c73df9313f5566e8fc582bd7037938d15b05329c232ec57a11a7ad5",
                "sha256:5d370508bf32e522d79096e8cbea3499d47e624ac7e11e9089f9397a0b3318df"
            ],
            "version": "==16.7.6"
        },
        "webencodings": {
            "hashes": [
                "sha256:a0af1213f3c2226497a97e2b3aa01a7e4bee4f403f95be16fc9acd2947514a78",
                "sha256:b36a1c245f2d304965eb4e0a82848379241dc04b865afcc4aab16748587e1923"
            ],
            "version": "==0.5.1"
        },
        "wheel": {
            "hashes": [
                "sha256:029703bf514e16c8271c3821806a1c171220cc5bdd325cbf4e7da1e056a01db6",
                "sha256:1e53cdb3f808d5ccd0df57f964263752aa74ea7359526d3da6c02114ec1e1d44"
            ],
            "index": "pypi",
            "version": "==0.32.3"
        },
        "zipp": {
            "hashes": [
                "sha256:3718b1cbcd963c7d4c5511a8240812904164b7f381b647143a89d3b98f9bcd8e",
                "sha256:f06903e9f1f43b12d371004b4ac7b06ab39a44adc747266928ae6debfa7b3335"
            ],
            "version": "==0.6.0"
        }
    }
}
